
Microsoft Visual Studio Solution File, Format Version 11.00
# Visual Studio 2010
Project("{FAE04EC0-301F-11D3-BF4B-00C04F79EFBC}") = "CbhLib", "..\..\cbhlib\CbhLib.csproj", "{D6E954C0-465B-4C25-A2B8-59C2652A57F3}"
EndProject
Project("{FAE04EC0-301F-11D3-BF4B-00C04F79EFBC}") = "GameHelper", "..\..\GameLib\GameHelper\GameHelper.csproj", "{6A67E9EA-E2AB-47CC-90A5-8E8813084721}"
EndProject
Project("{FAE04EC0-301F-11D3-BF4B-00C04F79EFBC}") = "ssGame", "..\ssGame\ssGame.csproj", "{FBB25412-5E4D-4A6E-B6D0-0493A66079BB}"
EndProject
Project("{FAE04EC0-301F-11D3-BF4B-00C04F79EFBC}") = "JigLibX", "..\..\GameLib\JigLibX 0.3.1\JigLibX\JigLibX.csproj", "{8A7CEF45-3501-491D-AEDA-0164060F5348}"
EndProject
Project("{FAE04EC0-301F-11D3-BF4B-00C04F79EFBC}") = "WindowsGameLibrary", "..\..\GameLib\WindowsGameLibrary\WindowsGameLibrary.csproj", "{080DD9B6-4867-457A-9B9B-2400CCD30AAD}"
EndProject
Project("{FAE04EC0-301F-11D3-BF4B-00C04F79EFBC}") = "Content", "..\..\GameLib\Content\Content.contentproj", "{941ACAF8-8E69-4248-BF23-2D9AABEC068E}"
EndProject
Global
	GlobalSection(SolutionConfigurationPlatforms) = preSolution
		Debug|Any CPU = Debug|Any CPU
		Debug|Mixed Platforms = Debug|Mixed Platforms
		Debug|x86 = Debug|x86
		Release|Any CPU = Release|Any CPU
		Release|Mixed Platforms = Release|Mixed Platforms
		Release|x86 = Release|x86
	EndGlobalSection
	GlobalSection(ProjectConfigurationPlatforms) = postSolution
		{D6E954C0-465B-4C25-A2B8-59C2652A57F3}.Debug|Any CPU.ActiveCfg = Debug|Any CPU
		{D6E954C0-465B-4C25-A2B8-59C2652A57F3}.Debug|Any CPU.Build.0 = Debug|Any CPU
		{D6E954C0-465B-4C25-A2B8-59C2652A57F3}.Debug|Mixed Platforms.ActiveCfg = Debug|Any CPU
		{D6E954C0-465B-4C25-A2B8-59C2652A57F3}.Debug|Mixed Platforms.Build.0 = Debug|Any CPU
		{D6E954C0-465B-4C25-A2B8-59C2652A57F3}.Debug|x86.ActiveCfg = Debug|Any CPU
		{D6E954C0-465B-4C25-A2B8-59C2652A57F3}.Release|Any CPU.ActiveCfg = Release|Any CPU
		{D6E954C0-465B-4C25-A2B8-59C2652A57F3}.Release|Any CPU.Build.0 = Release|Any CPU
		{D6E954C0-465B-4C25-A2B8-59C2652A57F3}.Release|Mixed Platforms.ActiveCfg = Release|Any CPU
		{D6E954C0-465B-4C25-A2B8-59C2652A57F3}.Release|Mixed Platforms.Build.0 = Release|Any CPU
		{D6E954C0-465B-4C25-A2B8-59C2652A57F3}.Release|x86.ActiveCfg = Release|Any CPU
		{6A67E9EA-E2AB-47CC-90A5-8E8813084721}.Debug|Any CPU.ActiveCfg = Debug|Any CPU
		{6A67E9EA-E2AB-47CC-90A5-8E8813084721}.Debug|Any CPU.Build.0 = Debug|Any CPU
		{6A67E9EA-E2AB-47CC-90A5-8E8813084721}.Debug|Mixed Platforms.ActiveCfg = Debug|x86
		{6A67E9EA-E2AB-47CC-90A5-8E8813084721}.Debug|Mixed Platforms.Build.0 = Debug|x86
		{6A67E9EA-E2AB-47CC-90A5-8E8813084721}.Debug|x86.ActiveCfg = Debug|x86
		{6A67E9EA-E2AB-47CC-90A5-8E8813084721}.Debug|x86.Build.0 = Debug|x86
		{6A67E9EA-E2AB-47CC-90A5-8E8813084721}.Release|Any CPU.ActiveCfg = Release|Any CPU
		{6A67E9EA-E2AB-47CC-90A5-8E8813084721}.Release|Any CPU.Build.0 = Release|Any CPU
		{6A67E9EA-E2AB-47CC-90A5-8E8813084721}.Release|Mixed Platforms.ActiveCfg = Release|x86
		{6A67E9EA-E2AB-47CC-90A5-8E8813084721}.Release|Mixed Platforms.Build.0 = Release|x86
		{6A67E9EA-E2AB-47CC-90A5-8E8813084721}.Release|x86.ActiveCfg = Release|x86
		{6A67E9EA-E2AB-47CC-90A5-8E8813084721}.Release|x86.Build.0 = Release|x86
		{FBB25412-5E4D-4A6E-B6D0-0493A66079BB}.Debug|Any CPU.ActiveCfg = Debug|Any CPU
		{FBB25412-5E4D-4A6E-B6D0-0493A66079BB}.Debug|Any CPU.Build.0 = Debug|Any CPU
		{FBB25412-5E4D-4A6E-B6D0-0493A66079BB}.Debug|Mixed Platforms.ActiveCfg = Debug|Any CPU
		{FBB25412-5E4D-4A6E-B6D0-0493A66079BB}.Debug|Mixed Platforms.Build.0 = Debug|Any CPU
		{FBB25412-5E4D-4A6E-B6D0-0493A66079BB}.Debug|x86.ActiveCfg = Debug|Any CPU
		{FBB25412-5E4D-4A6E-B6D0-0493A66079BB}.Release|Any CPU.ActiveCfg = Release|Any CPU
		{FBB25412-5E4D-4A6E-B6D0-0493A66079BB}.Release|Any CPU.Build.0 = Release|Any CPU
		{FBB25412-5E4D-4A6E-B6D0-0493A66079BB}.Release|Mixed Platforms.ActiveCfg = Release|Any CPU
		{FBB25412-5E4D-4A6E-B6D0-0493A66079BB}.Release|Mixed Platforms.Build.0 = Release|Any CPU
		{FBB25412-5E4D-4A6E-B6D0-0493A66079BB}.Release|x86.ActiveCfg = Release|Any CPU
		{8A7CEF45-3501-491D-AEDA-0164060F5348}.Debug|Any CPU.ActiveCfg = Debug|x86
		{8A7CEF45-3501-491D-AEDA-0164060F5348}.Debug|Mixed Platforms.ActiveCfg = Debug|x86
		{8A7CEF45-3501-491D-AEDA-0164060F5348}.Debug|Mixed Platforms.Build.0 = Debug|x86
		{8A7CEF45-3501-491D-AEDA-0164060F5348}.Debug|x86.ActiveCfg = Debug|x86
		{8A7CEF45-3501-491D-AEDA-0164060F5348}.Debug|x86.Build.0 = Debug|x86
		{8A7CEF45-3501-491D-AEDA-0164060F5348}.Release|Any CPU.ActiveCfg = Release|x86
		{8A7CEF45-3501-491D-AEDA-0164060F5348}.Release|Mixed Platforms.ActiveCfg = Release|x86
		{8A7CEF45-3501-491D-AEDA-0164060F5348}.Release|Mixed Platforms.Build.0 = Release|x86
		{8A7CEF45-3501-491D-AEDA-0164060F5348}.Release|x86.ActiveCfg = Release|x86
		{8A7CEF45-3501-491D-AEDA-0164060F5348}.Release|x86.Build.0 = Release|x86
		{080DD9B6-4867-457A-9B9B-2400CCD30AAD}.Debug|Any CPU.ActiveCfg = Debug|x86
		{080DD9B6-4867-457A-9B9B-2400CCD30AAD}.Debug|Mixed Platforms.ActiveCfg = Debug|x86
		{080DD9B6-4867-457A-9B9B-2400CCD30AAD}.Debug|Mixed Platforms.Build.0 = Debug|x86
		{080DD9B6-4867-457A-9B9B-2400CCD30AAD}.Debug|x86.ActiveCfg = Debug|x86
		{080DD9B6-4867-457A-9B9B-2400CCD30AAD}.Debug|x86.Build.0 = Debug|x86
		{080DD9B6-4867-457A-9B9B-2400CCD30AAD}.Release|Any CPU.ActiveCfg = Release|x86
		{080DD9B6-4867-457A-9B9B-2400CCD30AAD}.Release|Mixed Platforms.ActiveCfg = Release|x86
		{080DD9B6-4867-457A-9B9B-2400CCD30AAD}.Release|Mixed Platforms.Build.0 = Release|x86
		{080DD9B6-4867-457A-9B9B-2400CCD30AAD}.Release|x86.ActiveCfg = Release|x86
		{080DD9B6-4867-457A-9B9B-2400CCD30AAD}.Release|x86.Build.0 = Release|x86
		{941ACAF8-8E69-4248-BF23-2D9AABEC068E}.Debug|Any CPU.ActiveCfg = Debug|Any CPU
		{941ACAF8-8E69-4248-BF23-2D9AABEC068E}.Debug|Mixed Platforms.ActiveCfg = Debug|Any CPU
		{941ACAF8-8E69-4248-BF23-2D9AABEC068E}.Debug|x86.ActiveCfg = Debug|Any CPU
		{941ACAF8-8E69-4248-BF23-2D9AABEC068E}.Release|Any CPU.ActiveCfg = Debug|Any CPU
		{941ACAF8-8E69-4248-BF23-2D9AABEC068E}.Release|Mixed Platforms.ActiveCfg = Debug|Any CPU
		{941ACAF8-8E69-4248-BF23-2D9AABEC068E}.Release|x86.ActiveCfg = Debug|Any CPU
	EndGlobalSection
	GlobalSection(SolutionProperties) = preSolution
		HideSolutionNode = FALSE
	EndGlobalSection
EndGlobal
